{
  "object": {
    "pins": [
      {
        "package": "Alamofire",
        "repositoryURL": "https://github.com/Alamofire/Alamofire.git",
        "state": {
          "branch": null,
          "revision": "d120af1e8638c7da36c8481fd61a66c0c08dc4fc",
          "version": "5.4.4"
        }
      },
      {
        "package": "Kingfisher",
        "repositoryURL": "https://github.com/onevcat/Kingfisher.git",
        "state": {
          "branch": null,
          "revision": "1a0c2df04b31ed7aa318354f3583faea24f006fc",
          "version": "5.15.8"
        }
      },
      {
        "package": "ShimmerSwift",
        "repositoryURL": "https://github.com/BeauNouvelle/ShimmerSwift.git",
        "state": {
          "branch": null,
          "revision": "f1a4366f74329c313e9528bcbe5286eacc750c05",
          "version": "2.2.0"
        }
      }
    ]
  },
  "version": 1
}
