// !$*UTF8*$!
{
	archiveVersion = 1;
	classes = {
	};
	objectVersion = 52;
	objects = {

/* Begin PBXBuildFile section */
		2B3216482DCF88A700097DAC /* AppDelegate.swift in Sources */ = {isa = PBXBuildFile; fileRef = 2B3216472DCF88A700097DAC /* AppDelegate.swift */; };
		2B32164A2DCF88A700097DAC /* SceneDelegate.swift in Sources */ = {isa = PBXBuildFile; fileRef = 2B3216492DCF88A700097DAC /* SceneDelegate.swift */; };
		2B32164F2DCF88A800097DAC /* Main.storyboard in Resources */ = {isa = PBXBuildFile; fileRef = 2B32164D2DCF88A800097DAC /* Main.storyboard */; };
		2B3216522DCF88B200097DAC /* FlashScore.xcdatamodeld in Sources */ = {isa = PBXBuildFile; fileRef = 2B3216502DCF88B200097DAC /* FlashScore.xcdatamodeld */; };
		2B3216542DCF88FF00097DAC /* Assets.xcassets in Resources */ = {isa = PBXBuildFile; fileRef = 2B3216532DCF88FF00097DAC /* Assets.xcassets */; };
		2B3216572DCF88FF00097DAC /* LaunchScreen.storyboard in Resources */ = {isa = PBXBuildFile; fileRef = 2B3216552DCF88FF00097DAC /* LaunchScreen.storyboard */; };
		2B3216622DCF890600097DAC /* FlashScoreTests.swift in Sources */ = {isa = PBXBuildFile; fileRef = 2B3216612DCF890600097DAC /* FlashScoreTests.swift */; };
		2B32166D2DCF890C00097DAC /* FlashScoreUITests.swift in Sources */ = {isa = PBXBuildFile; fileRef = 2B32166C2DCF890C00097DAC /* FlashScoreUITests.swift */; };
		2B399DB82DD0ECDA0019A943 /* HomeViewController.swift in Sources */ = {isa = PBXBuildFile; fileRef = 2B399DB72DD0ECDA0019A943 /* HomeViewController.swift */; };
		2B399DC22DD0F2090019A943 /* HomeCollectionViewCell.swift in Sources */ = {isa = PBXBuildFile; fileRef = 2B399DC12DD0F2090019A943 /* HomeCollectionViewCell.swift */; };
		2B399DCA2DD100E30019A943 /* Sport.swift in Sources */ = {isa = PBXBuildFile; fileRef = 2B399DC92DD100E30019A943 /* Sport.swift */; };
		2BA9DF642DCFA376001A637F /* ZiadStoryboard.storyboard in Resources */ = {isa = PBXBuildFile; fileRef = 2BA9DF632DCFA376001A637F /* ZiadStoryboard.storyboard */; };
		2BF0CA952DD8EBE700D79ECF /* FavouritesViewController.swift in Sources */ = {isa = PBXBuildFile; fileRef = 2BF0CA942DD8EBE700D79ECF /* FavouritesViewController.swift */; };
		2BFA952B2DD8F26C009B09DF /* FavouritesPresenter.swift in Sources */ = {isa = PBXBuildFile; fileRef = 2BFA952A2DD8F26C009B09DF /* FavouritesPresenter.swift */; };
		2BFA95302DD90872009B09DF /* CoreDataService.swift in Sources */ = {isa = PBXBuildFile; fileRef = 2BFA952F2DD90872009B09DF /* CoreDataService.swift */; };
		CB7AA9152DDA1EA200F322F3 /* LeagueDetailsPresenter.swift in Sources */ = {isa = PBXBuildFile; fileRef = CB7AA90D2DDA1EA200F322F3 /* LeagueDetailsPresenter.swift */; };
		CB7AA9162DDA1EA200F322F3 /* LeagueTeamCollectionViewCell.xib in Resources */ = {isa = PBXBuildFile; fileRef = CB7AA90F2DDA1EA200F322F3 /* LeagueTeamCollectionViewCell.xib */; };
		CB7AA9172DDA1EA200F322F3 /* LeagueTeamCollectionViewCell.swift in Sources */ = {isa = PBXBuildFile; fileRef = CB7AA9102DDA1EA200F322F3 /* LeagueTeamCollectionViewCell.swift */; };
		CB7AA9182DDA1EA200F322F3 /* SectionHeaderView.swift in Sources */ = {isa = PBXBuildFile; fileRef = CB7AA9112DDA1EA200F322F3 /* SectionHeaderView.swift */; };
		CB7AA9192DDA1EA200F322F3 /* LeagueMatchCollectionViewCell.xib in Resources */ = {isa = PBXBuildFile; fileRef = CB7AA9122DDA1EA200F322F3 /* LeagueMatchCollectionViewCell.xib */; };
		CB7AA91A2DDA1EA200F322F3 /* LeagueMatchCollectionViewCell.swift in Sources */ = {isa = PBXBuildFile; fileRef = CB7AA9132DDA1EA200F322F3 /* LeagueMatchCollectionViewCell.swift */; };
		CB7AA91B2DDA1EA200F322F3 /* LeagueDetailsCollectionViewController.swift in Sources */ = {isa = PBXBuildFile; fileRef = CB7AA9142DDA1EA200F322F3 /* LeagueDetailsCollectionViewController.swift */; };
		CB7AA91F2DDA1EEB00F322F3 /* TeamResponse.swift in Sources */ = {isa = PBXBuildFile; fileRef = CB7AA91C2DDA1EEB00F322F3 /* TeamResponse.swift */; };
		CB7AA9202DDA1EEB00F322F3 /* LeagueTeamsResponse.swift in Sources */ = {isa = PBXBuildFile; fileRef = CB7AA91D2DDA1EEB00F322F3 /* LeagueTeamsResponse.swift */; };
		CB7AA9212DDA1EEB00F322F3 /* LeagueMatchesResponse.swift in Sources */ = {isa = PBXBuildFile; fileRef = CB7AA91E2DDA1EEB00F322F3 /* LeagueMatchesResponse.swift */; };
		CB8BE8562DD3576E0042C693 /* ApiService.swift in Sources */ = {isa = PBXBuildFile; fileRef = CB8BE8552DD3576E0042C693 /* ApiService.swift */; };
		CB8BE8592DD358CB0042C693 /* SportType.swift in Sources */ = {isa = PBXBuildFile; fileRef = CB8BE8582DD358CB0042C693 /* SportType.swift */; };
		CB8BE85B2DD35A880042C693 /* AllLeaguesPresenter.swift in Sources */ = {isa = PBXBuildFile; fileRef = CB8BE85A2DD35A880042C693 /* AllLeaguesPresenter.swift */; };
		CB9429772DD0DE1F00D59A91 /* OnboardingViewController.swift in Sources */ = {isa = PBXBuildFile; fileRef = CB9429762DD0DE1F00D59A91 /* OnboardingViewController.swift */; };
		CB94297A2DD0DE4D00D59A91 /* OnboardingSlide.swift in Sources */ = {isa = PBXBuildFile; fileRef = CB9429792DD0DE4D00D59A91 /* OnboardingSlide.swift */; };
		CB94297C2DD0DFCA00D59A91 /* SlideCollectionViewCell.swift in Sources */ = {isa = PBXBuildFile; fileRef = CB94297B2DD0DFCA00D59A91 /* SlideCollectionViewCell.swift */; };
		CBB85FFA2DD2104C00D4978B /* AllLeaguesViewController.swift in Sources */ = {isa = PBXBuildFile; fileRef = CBB85FF92DD2104C00D4978B /* AllLeaguesViewController.swift */; };
		CBB85FFE2DD2112100D4978B /* LeagueResponse.swift in Sources */ = {isa = PBXBuildFile; fileRef = CBB85FFD2DD2112100D4978B /* LeagueResponse.swift */; };
		CBB860002DD211D500D4978B /* LeagueTableViewCell.swift in Sources */ = {isa = PBXBuildFile; fileRef = CBB85FFF2DD211D500D4978B /* LeagueTableViewCell.swift */; };
		CBB860032DD220BD00D4978B /* Alamofire in Frameworks */ = {isa = PBXBuildFile; productRef = CBB860022DD220BD00D4978B /* Alamofire */; };
		CBB860062DD2213100D4978B /* Kingfisher in Frameworks */ = {isa = PBXBuildFile; productRef = CBB860052DD2213100D4978B /* Kingfisher */; };
		CBB860092DD221AA00D4978B /* ShimmerSwift in Frameworks */ = {isa = PBXBuildFile; productRef = CBB860082DD221AA00D4978B /* ShimmerSwift */; };
		CBFDECE12DCFA21F00D5EB55 /* EwidaStoryBoard.storyboard in Resources */ = {isa = PBXBuildFile; fileRef = CBFDECE02DCFA21F00D5EB55 /* EwidaStoryBoard.storyboard */; };
/* End PBXBuildFile section */

/* Begin PBXContainerItemProxy section */
		2B32165E2DCF890200097DAC /* PBXContainerItemProxy */ = {
			isa = PBXContainerItemProxy;
			containerPortal = 2B32163C2DCF88A500097DAC /* Project object */;
			proxyType = 1;
			remoteGlobalIDString = 2B3216432DCF88A600097DAC;
			remoteInfo = FlashScore;
		};
		2B3216692DCF890900097DAC /* PBXContainerItemProxy */ = {
			isa = PBXContainerItemProxy;
			containerPortal = 2B32163C2DCF88A500097DAC /* Project object */;
			proxyType = 1;
			remoteGlobalIDString = 2B3216432DCF88A600097DAC;
			remoteInfo = FlashScore;
		};
/* End PBXContainerItemProxy section */

/* Begin PBXFileReference section */
		2B3216442DCF88A700097DAC /* FlashScore.app */ = {isa = PBXFileReference; explicitFileType = wrapper.application; includeInIndex = 0; path = FlashScore.app; sourceTree = BUILT_PRODUCTS_DIR; };
		2B3216472DCF88A700097DAC /* AppDelegate.swift */ = {isa = PBXFileReference; lastKnownFileType = sourcecode.swift; path = AppDelegate.swift; sourceTree = "<group>"; };
		2B3216492DCF88A700097DAC /* SceneDelegate.swift */ = {isa = PBXFileReference; lastKnownFileType = sourcecode.swift; path = SceneDelegate.swift; sourceTree = "<group>"; };
		2B32164E2DCF88A800097DAC /* Base */ = {isa = PBXFileReference; lastKnownFileType = file.storyboard; name = Base; path = Base.lproj/Main.storyboard; sourceTree = "<group>"; };
		2B3216512DCF88B200097DAC /* FlashScore.xcdatamodel */ = {isa = PBXFileReference; lastKnownFileType = wrapper.xcdatamodel; path = FlashScore.xcdatamodel; sourceTree = "<group>"; };
		2B3216532DCF88FF00097DAC /* Assets.xcassets */ = {isa = PBXFileReference; lastKnownFileType = folder.assetcatalog; path = Assets.xcassets; sourceTree = "<group>"; };
		2B3216562DCF88FF00097DAC /* Base */ = {isa = PBXFileReference; lastKnownFileType = file.storyboard; name = Base; path = Base.lproj/LaunchScreen.storyboard; sourceTree = "<group>"; };
		2B3216582DCF88FF00097DAC /* Info.plist */ = {isa = PBXFileReference; lastKnownFileType = text.plist.xml; path = Info.plist; sourceTree = "<group>"; };
		2B32165D2DCF890100097DAC /* FlashScoreTests.xctest */ = {isa = PBXFileReference; explicitFileType = wrapper.cfbundle; includeInIndex = 0; path = FlashScoreTests.xctest; sourceTree = BUILT_PRODUCTS_DIR; };
		2B3216612DCF890600097DAC /* FlashScoreTests.swift */ = {isa = PBXFileReference; lastKnownFileType = sourcecode.swift; path = FlashScoreTests.swift; sourceTree = "<group>"; };
		2B3216632DCF890800097DAC /* Info.plist */ = {isa = PBXFileReference; lastKnownFileType = text.plist.xml; path = Info.plist; sourceTree = "<group>"; };
		2B3216682DCF890900097DAC /* FlashScoreUITests.xctest */ = {isa = PBXFileReference; explicitFileType = wrapper.cfbundle; includeInIndex = 0; path = FlashScoreUITests.xctest; sourceTree = BUILT_PRODUCTS_DIR; };
		2B32166C2DCF890C00097DAC /* FlashScoreUITests.swift */ = {isa = PBXFileReference; lastKnownFileType = sourcecode.swift; path = FlashScoreUITests.swift; sourceTree = "<group>"; };
		2B32166E2DCF890C00097DAC /* Info.plist */ = {isa = PBXFileReference; lastKnownFileType = text.plist.xml; path = Info.plist; sourceTree = "<group>"; };
		2B399DB72DD0ECDA0019A943 /* HomeViewController.swift */ = {isa = PBXFileReference; lastKnownFileType = sourcecode.swift; path = HomeViewController.swift; sourceTree = "<group>"; };
		2B399DC12DD0F2090019A943 /* HomeCollectionViewCell.swift */ = {isa = PBXFileReference; lastKnownFileType = sourcecode.swift; path = HomeCollectionViewCell.swift; sourceTree = "<group>"; };
		2B399DC92DD100E30019A943 /* Sport.swift */ = {isa = PBXFileReference; lastKnownFileType = sourcecode.swift; path = Sport.swift; sourceTree = "<group>"; };
		2BA9DF632DCFA376001A637F /* ZiadStoryboard.storyboard */ = {isa = PBXFileReference; lastKnownFileType = file.storyboard; path = ZiadStoryboard.storyboard; sourceTree = "<group>"; };
		2BF0CA942DD8EBE700D79ECF /* FavouritesViewController.swift */ = {isa = PBXFileReference; lastKnownFileType = sourcecode.swift; path = FavouritesViewController.swift; sourceTree = "<group>"; };
		2BFA952A2DD8F26C009B09DF /* FavouritesPresenter.swift */ = {isa = PBXFileReference; lastKnownFileType = sourcecode.swift; path = FavouritesPresenter.swift; sourceTree = "<group>"; };
		2BFA952F2DD90872009B09DF /* CoreDataService.swift */ = {isa = PBXFileReference; lastKnownFileType = sourcecode.swift; path = CoreDataService.swift; sourceTree = "<group>"; };
		CB7AA90D2DDA1EA200F322F3 /* LeagueDetailsPresenter.swift */ = {isa = PBXFileReference; fileEncoding = 4; lastKnownFileType = sourcecode.swift; path = LeagueDetailsPresenter.swift; sourceTree = "<group>"; };
		CB7AA90F2DDA1EA200F322F3 /* LeagueTeamCollectionViewCell.xib */ = {isa = PBXFileReference; fileEncoding = 4; lastKnownFileType = file.xib; path = LeagueTeamCollectionViewCell.xib; sourceTree = "<group>"; };
		CB7AA9102DDA1EA200F322F3 /* LeagueTeamCollectionViewCell.swift */ = {isa = PBXFileReference; fileEncoding = 4; lastKnownFileType = sourcecode.swift; path = LeagueTeamCollectionViewCell.swift; sourceTree = "<group>"; };
		CB7AA9112DDA1EA200F322F3 /* SectionHeaderView.swift */ = {isa = PBXFileReference; fileEncoding = 4; lastKnownFileType = sourcecode.swift; path = SectionHeaderView.swift; sourceTree = "<group>"; };
		CB7AA9122DDA1EA200F322F3 /* LeagueMatchCollectionViewCell.xib */ = {isa = PBXFileReference; fileEncoding = 4; lastKnownFileType = file.xib; path = LeagueMatchCollectionViewCell.xib; sourceTree = "<group>"; };
		CB7AA9132DDA1EA200F322F3 /* LeagueMatchCollectionViewCell.swift */ = {isa = PBXFileReference; fileEncoding = 4; lastKnownFileType = sourcecode.swift; path = LeagueMatchCollectionViewCell.swift; sourceTree = "<group>"; };
		CB7AA9142DDA1EA200F322F3 /* LeagueDetailsCollectionViewController.swift */ = {isa = PBXFileReference; fileEncoding = 4; lastKnownFileType = sourcecode.swift; path = LeagueDetailsCollectionViewController.swift; sourceTree = "<group>"; };
		CB7AA91C2DDA1EEB00F322F3 /* TeamResponse.swift */ = {isa = PBXFileReference; fileEncoding = 4; lastKnownFileType = sourcecode.swift; name = TeamResponse.swift; path = "../../../../../FlashScore 2/FlashScore/Model/Entitiy/TeamResponse.swift"; sourceTree = "<group>"; };
		CB7AA91D2DDA1EEB00F322F3 /* LeagueTeamsResponse.swift */ = {isa = PBXFileReference; fileEncoding = 4; lastKnownFileType = sourcecode.swift; name = LeagueTeamsResponse.swift; path = "../../../../../FlashScore 2/FlashScore/Model/Entitiy/LeagueTeamsResponse.swift"; sourceTree = "<group>"; };
		CB7AA91E2DDA1EEB00F322F3 /* LeagueMatchesResponse.swift */ = {isa = PBXFileReference; fileEncoding = 4; lastKnownFileType = sourcecode.swift; name = LeagueMatchesResponse.swift; path = "../../../../../FlashScore 2/FlashScore/Model/Entitiy/LeagueMatchesResponse.swift"; sourceTree = "<group>"; };
		CB8BE8552DD3576E0042C693 /* ApiService.swift */ = {isa = PBXFileReference; lastKnownFileType = sourcecode.swift; path = ApiService.swift; sourceTree = "<group>"; };
		CB8BE8582DD358CB0042C693 /* SportType.swift */ = {isa = PBXFileReference; lastKnownFileType = sourcecode.swift; path = SportType.swift; sourceTree = "<group>"; };
		CB8BE85A2DD35A880042C693 /* AllLeaguesPresenter.swift */ = {isa = PBXFileReference; lastKnownFileType = sourcecode.swift; path = AllLeaguesPresenter.swift; sourceTree = "<group>"; };
		CB9429762DD0DE1F00D59A91 /* OnboardingViewController.swift */ = {isa = PBXFileReference; lastKnownFileType = sourcecode.swift; path = OnboardingViewController.swift; sourceTree = "<group>"; };
		CB9429792DD0DE4D00D59A91 /* OnboardingSlide.swift */ = {isa = PBXFileReference; lastKnownFileType = sourcecode.swift; path = OnboardingSlide.swift; sourceTree = "<group>"; };
		CB94297B2DD0DFCA00D59A91 /* SlideCollectionViewCell.swift */ = {isa = PBXFileReference; lastKnownFileType = sourcecode.swift; path = SlideCollectionViewCell.swift; sourceTree = "<group>"; };
		CBB85FF92DD2104C00D4978B /* AllLeaguesViewController.swift */ = {isa = PBXFileReference; lastKnownFileType = sourcecode.swift; path = AllLeaguesViewController.swift; sourceTree = "<group>"; };
		CBB85FFD2DD2112100D4978B /* LeagueResponse.swift */ = {isa = PBXFileReference; lastKnownFileType = sourcecode.swift; path = LeagueResponse.swift; sourceTree = "<group>"; };
		CBB85FFF2DD211D500D4978B /* LeagueTableViewCell.swift */ = {isa = PBXFileReference; lastKnownFileType = sourcecode.swift; path = LeagueTableViewCell.swift; sourceTree = "<group>"; };
		CBFDECE02DCFA21F00D5EB55 /* EwidaStoryBoard.storyboard */ = {isa = PBXFileReference; lastKnownFileType = file.storyboard; path = EwidaStoryBoard.storyboard; sourceTree = "<group>"; };
/* End PBXFileReference section */

/* Begin PBXFrameworksBuildPhase section */
		2B3216412DCF88A600097DAC /* Frameworks */ = {
			isa = PBXFrameworksBuildPhase;
			buildActionMask = 2147483647;
			files = (
				CBB860062DD2213100D4978B /* Kingfisher in Frameworks */,
				CBB860092DD221AA00D4978B /* ShimmerSwift in Frameworks */,
				CBB860032DD220BD00D4978B /* Alamofire in Frameworks */,
			);
			runOnlyForDeploymentPostprocessing = 0;
		};
		2B32165A2DCF890000097DAC /* Frameworks */ = {
			isa = PBXFrameworksBuildPhase;
			buildActionMask = 2147483647;
			files = (
			);
			runOnlyForDeploymentPostprocessing = 0;
		};
		2B3216652DCF890800097DAC /* Frameworks */ = {
			isa = PBXFrameworksBuildPhase;
			buildActionMask = 2147483647;
			files = (
			);
			runOnlyForDeploymentPostprocessing = 0;
		};
/* End PBXFrameworksBuildPhase section */

/* Begin PBXGroup section */
		2B32163B2DCF88A400097DAC = {
			isa = PBXGroup;
			children = (
				2B3216462DCF88A700097DAC /* FlashScore */,
				2B3216602DCF890400097DAC /* FlashScoreTests */,
				2B32166B2DCF890A00097DAC /* FlashScoreUITests */,
				2B3216452DCF88A700097DAC /* Products */,
			);
			sourceTree = "<group>";
		};
		2B3216452DCF88A700097DAC /* Products */ = {
			isa = PBXGroup;
			children = (
				2B3216442DCF88A700097DAC /* FlashScore.app */,
				2B32165D2DCF890100097DAC /* FlashScoreTests.xctest */,
				2B3216682DCF890900097DAC /* FlashScoreUITests.xctest */,
			);
			name = Products;
			sourceTree = "<group>";
		};
		2B3216462DCF88A700097DAC /* FlashScore */ = {
			isa = PBXGroup;
			children = (
				CB7AA90B2DDA1E6000F322F3 /* LeagueDetails */,
				2BF0CA8E2DD8E57400D79ECF /* Favourites */,
				CBB85FF62DD20FF400D4978B /* AllLeagues */,
				2B399DB62DD0EC610019A943 /* Home */,
				CB9429812DD0E8FD00D59A91 /* Core */,
				CB9429782DD0DE3000D59A91 /* Model */,
				CB9429752DD0DDA200D59A91 /* Onboarding */,
				CB9429742DD0DD9000D59A91 /* SupportFiles */,
				CB9429732DD0DD7C00D59A91 /* App */,
				2B3216582DCF88FF00097DAC /* Info.plist */,
				2B3216502DCF88B200097DAC /* FlashScore.xcdatamodeld */,
			);
			path = FlashScore;
			sourceTree = "<group>";
		};
		2B3216602DCF890400097DAC /* FlashScoreTests */ = {
			isa = PBXGroup;
			children = (
				2B3216612DCF890600097DAC /* FlashScoreTests.swift */,
				2B3216632DCF890800097DAC /* Info.plist */,
			);
			path = FlashScoreTests;
			sourceTree = "<group>";
		};
		2B32166B2DCF890A00097DAC /* FlashScoreUITests */ = {
			isa = PBXGroup;
			children = (
				2B32166C2DCF890C00097DAC /* FlashScoreUITests.swift */,
				2B32166E2DCF890C00097DAC /* Info.plist */,
			);
			path = FlashScoreUITests;
			sourceTree = "<group>";
		};
		2B399DB62DD0EC610019A943 /* Home */ = {
			isa = PBXGroup;
			children = (
				2B399DBF2DD0F0D00019A943 /* View */,
			);
			path = Home;
			sourceTree = "<group>";
		};
		2B399DBF2DD0F0D00019A943 /* View */ = {
			isa = PBXGroup;
			children = (
				2B399DB72DD0ECDA0019A943 /* HomeViewController.swift */,
				2B399DC12DD0F2090019A943 /* HomeCollectionViewCell.swift */,
			);
			path = View;
			sourceTree = "<group>";
		};
		2BF0CA8E2DD8E57400D79ECF /* Favourites */ = {
			isa = PBXGroup;
			children = (
				2BF0CA932DD8EA4200D79ECF /* Presenter */,
				2BF0CA922DD8EA2000D79ECF /* View */,
			);
			path = Favourites;
			sourceTree = "<group>";
		};
		2BF0CA922DD8EA2000D79ECF /* View */ = {
			isa = PBXGroup;
			children = (
				2BF0CA942DD8EBE700D79ECF /* FavouritesViewController.swift */,
			);
			path = View;
			sourceTree = "<group>";
		};
		2BF0CA932DD8EA4200D79ECF /* Presenter */ = {
			isa = PBXGroup;
			children = (
				2BFA952A2DD8F26C009B09DF /* FavouritesPresenter.swift */,
			);
			path = Presenter;
			sourceTree = "<group>";
		};
		CB7AA90B2DDA1E6000F322F3 /* LeagueDetails */ = {
			isa = PBXGroup;
			children = (
				CB7AA90C2DDA1EA200F322F3 /* Presenter */,
				CB7AA90E2DDA1EA200F322F3 /* View */,
			);
			path = LeagueDetails;
			sourceTree = "<group>";
		};
		CB7AA90C2DDA1EA200F322F3 /* Presenter */ = {
			isa = PBXGroup;
			children = (
				CB7AA90D2DDA1EA200F322F3 /* LeagueDetailsPresenter.swift */,
			);
			name = Presenter;
			path = "../../../../FlashScore 2/FlashScore/LeagueDetails/Presenter";
			sourceTree = "<group>";
		};
		CB7AA90E2DDA1EA200F322F3 /* View */ = {
			isa = PBXGroup;
			children = (
				CB7AA90F2DDA1EA200F322F3 /* LeagueTeamCollectionViewCell.xib */,
				CB7AA9102DDA1EA200F322F3 /* LeagueTeamCollectionViewCell.swift */,
				CB7AA9112DDA1EA200F322F3 /* SectionHeaderView.swift */,
				CB7AA9122DDA1EA200F322F3 /* LeagueMatchCollectionViewCell.xib */,
				CB7AA9132DDA1EA200F322F3 /* LeagueMatchCollectionViewCell.swift */,
				CB7AA9142DDA1EA200F322F3 /* LeagueDetailsCollectionViewController.swift */,
			);
			name = View;
			path = "../../../../FlashScore 2/FlashScore/LeagueDetails/View";
			sourceTree = "<group>";
		};
		CB8BE8572DD358BF0042C693 /* Enums */ = {
			isa = PBXGroup;
			children = (
				CB8BE8582DD358CB0042C693 /* SportType.swift */,
			);
			path = Enums;
			sourceTree = "<group>";
		};
		CB9429732DD0DD7C00D59A91 /* App */ = {
			isa = PBXGroup;
			children = (
				2B3216472DCF88A700097DAC /* AppDelegate.swift */,
				2B3216492DCF88A700097DAC /* SceneDelegate.swift */,
			);
			path = App;
			sourceTree = "<group>";
		};
		CB9429742DD0DD9000D59A91 /* SupportFiles */ = {
			isa = PBXGroup;
			children = (
				2B3216532DCF88FF00097DAC /* Assets.xcassets */,
			);
			path = SupportFiles;
			sourceTree = "<group>";
		};
		CB9429752DD0DDA200D59A91 /* Onboarding */ = {
			isa = PBXGroup;
			children = (
				CB9429762DD0DE1F00D59A91 /* OnboardingViewController.swift */,
				CB94297B2DD0DFCA00D59A91 /* SlideCollectionViewCell.swift */,
			);
			path = Onboarding;
			sourceTree = "<group>";
		};
		CB9429782DD0DE3000D59A91 /* Model */ = {
			isa = PBXGroup;
			children = (
				CB94297E2DD0E8A900D59A91 /* Entitiy */,
				CB94297D2DD0E89E00D59A91 /* Service */,
			);
			path = Model;
			sourceTree = "<group>";
		};
		CB94297D2DD0E89E00D59A91 /* Service */ = {
			isa = PBXGroup;
			children = (
				CB8BE8552DD3576E0042C693 /* ApiService.swift */,
				2BFA952F2DD90872009B09DF /* CoreDataService.swift */,
			);
			path = Service;
			sourceTree = "<group>";
		};
		CB94297E2DD0E8A900D59A91 /* Entitiy */ = {
			isa = PBXGroup;
			children = (
				CB7AA91E2DDA1EEB00F322F3 /* LeagueMatchesResponse.swift */,
				CB7AA91D2DDA1EEB00F322F3 /* LeagueTeamsResponse.swift */,
				CB7AA91C2DDA1EEB00F322F3 /* TeamResponse.swift */,
				CB9429792DD0DE4D00D59A91 /* OnboardingSlide.swift */,
				CBB85FFD2DD2112100D4978B /* LeagueResponse.swift */,
				2B399DC92DD100E30019A943 /* Sport.swift */,
			);
			path = Entitiy;
			sourceTree = "<group>";
		};
		CB9429812DD0E8FD00D59A91 /* Core */ = {
			isa = PBXGroup;
			children = (
				CB8BE8572DD358BF0042C693 /* Enums */,
				2B32164D2DCF88A800097DAC /* Main.storyboard */,
				2B3216552DCF88FF00097DAC /* LaunchScreen.storyboard */,
				2BA9DF632DCFA376001A637F /* ZiadStoryboard.storyboard */,
				CBFDECE02DCFA21F00D5EB55 /* EwidaStoryBoard.storyboard */,
			);
			path = Core;
			sourceTree = "<group>";
		};
		CBB85FF62DD20FF400D4978B /* AllLeagues */ = {
			isa = PBXGroup;
			children = (
				CBB85FF82DD2101500D4978B /* View */,
				CBB85FF72DD2100D00D4978B /* Presenter */,
			);
			path = AllLeagues;
			sourceTree = "<group>";
		};
		CBB85FF72DD2100D00D4978B /* Presenter */ = {
			isa = PBXGroup;
			children = (
				CB8BE85A2DD35A880042C693 /* AllLeaguesPresenter.swift */,
			);
			path = Presenter;
			sourceTree = "<group>";
		};
		CBB85FF82DD2101500D4978B /* View */ = {
			isa = PBXGroup;
			children = (
				CBB85FF92DD2104C00D4978B /* AllLeaguesViewController.swift */,
				CBB85FFF2DD211D500D4978B /* LeagueTableViewCell.swift */,
			);
			path = View;
			sourceTree = "<group>";
		};
/* End PBXGroup section */

/* Begin PBXNativeTarget section */
		2B3216432DCF88A600097DAC /* FlashScore */ = {
			isa = PBXNativeTarget;
			buildConfigurationList = 2B3216712DCF890C00097DAC /* Build configuration list for PBXNativeTarget "FlashScore" */;
			buildPhases = (
				2B3216402DCF88A600097DAC /* Sources */,
				2B3216412DCF88A600097DAC /* Frameworks */,
				2B3216422DCF88A600097DAC /* Resources */,
			);
			buildRules = (
			);
			dependencies = (
			);
			name = FlashScore;
			packageProductDependencies = (
				CBB860022DD220BD00D4978B /* Alamofire */,
				CBB860052DD2213100D4978B /* Kingfisher */,
				CBB860082DD221AA00D4978B /* ShimmerSwift */,
			);
			productName = FlashScore;
			productReference = 2B3216442DCF88A700097DAC /* FlashScore.app */;
			productType = "com.apple.product-type.application";
		};
		2B32165C2DCF890000097DAC /* FlashScoreTests */ = {
			isa = PBXNativeTarget;
			buildConfigurationList = 2B3216742DCF890C00097DAC /* Build configuration list for PBXNativeTarget "FlashScoreTests" */;
			buildPhases = (
				2B3216592DCF890000097DAC /* Sources */,
				2B32165A2DCF890000097DAC /* Frameworks */,
				2B32165B2DCF890000097DAC /* Resources */,
			);
			buildRules = (
			);
			dependencies = (
				2B32165F2DCF890200097DAC /* PBXTargetDependency */,
			);
			name = FlashScoreTests;
			productName = FlashScoreTests;
			productReference = 2B32165D2DCF890100097DAC /* FlashScoreTests.xctest */;
			productType = "com.apple.product-type.bundle.unit-test";
		};
		2B3216672DCF890800097DAC /* FlashScoreUITests */ = {
			isa = PBXNativeTarget;
			buildConfigurationList = 2B3216772DCF890C00097DAC /* Build configuration list for PBXNativeTarget "FlashScoreUITests" */;
			buildPhases = (
				2B3216642DCF890800097DAC /* Sources */,
				2B3216652DCF890800097DAC /* Frameworks */,
				2B3216662DCF890800097DAC /* Resources */,
			);
			buildRules = (
			);
			dependencies = (
				2B32166A2DCF890900097DAC /* PBXTargetDependency */,
			);
			name = FlashScoreUITests;
			productName = FlashScoreUITests;
			productReference = 2B3216682DCF890900097DAC /* FlashScoreUITests.xctest */;
			productType = "com.apple.product-type.bundle.ui-testing";
		};
/* End PBXNativeTarget section */

/* Begin PBXProject section */
		2B32163C2DCF88A500097DAC /* Project object */ = {
			isa = PBXProject;
			attributes = {
				LastSwiftUpdateCheck = 1220;
				LastUpgradeCheck = 1220;
				TargetAttributes = {
					2B3216432DCF88A600097DAC = {
						CreatedOnToolsVersion = 12.2;
					};
					2B32165C2DCF890000097DAC = {
						CreatedOnToolsVersion = 12.2;
						TestTargetID = 2B3216432DCF88A600097DAC;
					};
					2B3216672DCF890800097DAC = {
						CreatedOnToolsVersion = 12.2;
						TestTargetID = 2B3216432DCF88A600097DAC;
					};
				};
			};
			buildConfigurationList = 2B32163F2DCF88A500097DAC /* Build configuration list for PBXProject "FlashScore" */;
			compatibilityVersion = "Xcode 9.3";
			developmentRegion = en;
			hasScannedForEncodings = 0;
			knownRegions = (
				en,
				Base,
			);
			mainGroup = 2B32163B2DCF88A400097DAC;
			packageReferences = (
				CBB860012DD220BD00D4978B /* XCRemoteSwiftPackageReference "Alamofire" */,
				CBB860042DD2213100D4978B /* XCRemoteSwiftPackageReference "Kingfisher" */,
				CBB860072DD221AA00D4978B /* XCRemoteSwiftPackageReference "ShimmerSwift" */,
			);
			productRefGroup = 2B3216452DCF88A700097DAC /* Products */;
			projectDirPath = "";
			projectRoot = "";
			targets = (
				2B3216432DCF88A600097DAC /* FlashScore */,
				2B32165C2DCF890000097DAC /* FlashScoreTests */,
				2B3216672DCF890800097DAC /* FlashScoreUITests */,
			);
		};
/* End PBXProject section */

/* Begin PBXResourcesBuildPhase section */
		2B3216422DCF88A600097DAC /* Resources */ = {
			isa = PBXResourcesBuildPhase;
			buildActionMask = 2147483647;
			files = (
				CBFDECE12DCFA21F00D5EB55 /* EwidaStoryBoard.storyboard in Resources */,
				2B3216572DCF88FF00097DAC /* LaunchScreen.storyboard in Resources */,
				CB7AA9162DDA1EA200F322F3 /* LeagueTeamCollectionViewCell.xib in Resources */,
				CB7AA9192DDA1EA200F322F3 /* LeagueMatchCollectionViewCell.xib in Resources */,
				2BA9DF642DCFA376001A637F /* ZiadStoryboard.storyboard in Resources */,
				2B3216542DCF88FF00097DAC /* Assets.xcassets in Resources */,
				2B32164F2DCF88A800097DAC /* Main.storyboard in Resources */,
			);
			runOnlyForDeploymentPostprocessing = 0;
		};
		2B32165B2DCF890000097DAC /* Resources */ = {
			isa = PBXResourcesBuildPhase;
			buildActionMask = 2147483647;
			files = (
			);
			runOnlyForDeploymentPostprocessing = 0;
		};
		2B3216662DCF890800097DAC /* Resources */ = {
			isa = PBXResourcesBuildPhase;
			buildActionMask = 2147483647;
			files = (
			);
			runOnlyForDeploymentPostprocessing = 0;
		};
/* End PBXResourcesBuildPhase section */

/* Begin PBXSourcesBuildPhase section */
		2B3216402DCF88A600097DAC /* Sources */ = {
			isa = PBXSourcesBuildPhase;
			buildActionMask = 2147483647;
			files = (
				2BF0CA952DD8EBE700D79ECF /* FavouritesViewController.swift in Sources */,
				CB7AA9212DDA1EEB00F322F3 /* LeagueMatchesResponse.swift in Sources */,
				CBB85FFA2DD2104C00D4978B /* AllLeaguesViewController.swift in Sources */,
				CB94297C2DD0DFCA00D59A91 /* SlideCollectionViewCell.swift in Sources */,
				CB7AA9152DDA1EA200F322F3 /* LeagueDetailsPresenter.swift in Sources */,
				CB7AA9182DDA1EA200F322F3 /* SectionHeaderView.swift in Sources */,
				2B399DCA2DD100E30019A943 /* Sport.swift in Sources */,
				2B3216522DCF88B200097DAC /* FlashScore.xcdatamodeld in Sources */,
				CB9429772DD0DE1F00D59A91 /* OnboardingViewController.swift in Sources */,
				CB7AA91B2DDA1EA200F322F3 /* LeagueDetailsCollectionViewController.swift in Sources */,
				CBB860002DD211D500D4978B /* LeagueTableViewCell.swift in Sources */,
				CBB85FFE2DD2112100D4978B /* LeagueResponse.swift in Sources */,
				CB7AA91F2DDA1EEB00F322F3 /* TeamResponse.swift in Sources */,
				CB8BE85B2DD35A880042C693 /* AllLeaguesPresenter.swift in Sources */,
				CB8BE8562DD3576E0042C693 /* ApiService.swift in Sources */,
				CB8BE8592DD358CB0042C693 /* SportType.swift in Sources */,
				2BFA952B2DD8F26C009B09DF /* FavouritesPresenter.swift in Sources */,
				2B3216482DCF88A700097DAC /* AppDelegate.swift in Sources */,
				CB7AA9172DDA1EA200F322F3 /* LeagueTeamCollectionViewCell.swift in Sources */,
				CB7AA9202DDA1EEB00F322F3 /* LeagueTeamsResponse.swift in Sources */,
				CB94297A2DD0DE4D00D59A91 /* OnboardingSlide.swift in Sources */,
				CB7AA91A2DDA1EA200F322F3 /* LeagueMatchCollectionViewCell.swift in Sources */,
				2B399DB82DD0ECDA0019A943 /* HomeViewController.swift in Sources */,
				2B32164A2DCF88A700097DAC /* SceneDelegate.swift in Sources */,
				2BFA95302DD90872009B09DF /* CoreDataService.swift in Sources */,
				2B399DC22DD0F2090019A943 /* HomeCollectionViewCell.swift in Sources */,
			);
			runOnlyForDeploymentPostprocessing = 0;
		};
		2B3216592DCF890000097DAC /* Sources */ = {
			isa = PBXSourcesBuildPhase;
			buildActionMask = 2147483647;
			files = (
				2B3216622DCF890600097DAC /* FlashScoreTests.swift in Sources */,
			);
			runOnlyForDeploymentPostprocessing = 0;
		};
		2B3216642DCF890800097DAC /* Sources */ = {
			isa = PBXSourcesBuildPhase;
			buildActionMask = 2147483647;
			files = (
				2B32166D2DCF890C00097DAC /* FlashScoreUITests.swift in Sources */,
			);
			runOnlyForDeploymentPostprocessing = 0;
		};
/* End PBXSourcesBuildPhase section */

/* Begin PBXTargetDependency section */
		2B32165F2DCF890200097DAC /* PBXTargetDependency */ = {
			isa = PBXTargetDependency;
			target = 2B3216432DCF88A600097DAC /* FlashScore */;
			targetProxy = 2B32165E2DCF890200097DAC /* PBXContainerItemProxy */;
		};
		2B32166A2DCF890900097DAC /* PBXTargetDependency */ = {
			isa = PBXTargetDependency;
			target = 2B3216432DCF88A600097DAC /* FlashScore */;
			targetProxy = 2B3216692DCF890900097DAC /* PBXContainerItemProxy */;
		};
/* End PBXTargetDependency section */

/* Begin PBXVariantGroup section */
		2B32164D2DCF88A800097DAC /* Main.storyboard */ = {
			isa = PBXVariantGroup;
			children = (
				2B32164E2DCF88A800097DAC /* Base */,
			);
			name = Main.storyboard;
			sourceTree = "<group>";
		};
		2B3216552DCF88FF00097DAC /* LaunchScreen.storyboard */ = {
			isa = PBXVariantGroup;
			children = (
				2B3216562DCF88FF00097DAC /* Base */,
			);
			name = LaunchScreen.storyboard;
			sourceTree = "<group>";
		};
/* End PBXVariantGroup section */

/* Begin XCBuildConfiguration section */
		2B32166F2DCF890C00097DAC /* Debug */ = {
			isa = XCBuildConfiguration;
			buildSettings = {
				ALWAYS_SEARCH_USER_PATHS = NO;
				CLANG_ANALYZER_NONNULL = YES;
				CLANG_ANALYZER_NUMBER_OBJECT_CONVERSION = YES_AGGRESSIVE;
				CLANG_CXX_LANGUAGE_STANDARD = "gnu++14";
				CLANG_CXX_LIBRARY = "libc++";
				CLANG_ENABLE_MODULES = YES;
				CLANG_ENABLE_OBJC_ARC = YES;
				CLANG_ENABLE_OBJC_WEAK = YES;
				CLANG_WARN_BLOCK_CAPTURE_AUTORELEASING = YES;
				CLANG_WARN_BOOL_CONVERSION = YES;
				CLANG_WARN_COMMA = YES;
				CLANG_WARN_CONSTANT_CONVERSION = YES;
				CLANG_WARN_DEPRECATED_OBJC_IMPLEMENTATIONS = YES;
				CLANG_WARN_DIRECT_OBJC_ISA_USAGE = YES_ERROR;
				CLANG_WARN_DOCUMENTATION_COMMENTS = YES;
				CLANG_WARN_EMPTY_BODY = YES;
				CLANG_WARN_ENUM_CONVERSION = YES;
				CLANG_WARN_INFINITE_RECURSION = YES;
				CLANG_WARN_INT_CONVERSION = YES;
				CLANG_WARN_NON_LITERAL_NULL_CONVERSION = YES;
				CLANG_WARN_OBJC_IMPLICIT_RETAIN_SELF = YES;
				CLANG_WARN_OBJC_LITERAL_CONVERSION = YES;
				CLANG_WARN_OBJC_ROOT_CLASS = YES_ERROR;
				CLANG_WARN_QUOTED_INCLUDE_IN_FRAMEWORK_HEADER = YES;
				CLANG_WARN_RANGE_LOOP_ANALYSIS = YES;
				CLANG_WARN_STRICT_PROTOTYPES = YES;
				CLANG_WARN_SUSPICIOUS_MOVE = YES;
				CLANG_WARN_UNGUARDED_AVAILABILITY = YES_AGGRESSIVE;
				CLANG_WARN_UNREACHABLE_CODE = YES;
				CLANG_WARN__DUPLICATE_METHOD_MATCH = YES;
				COPY_PHASE_STRIP = NO;
				DEBUG_INFORMATION_FORMAT = dwarf;
				ENABLE_STRICT_OBJC_MSGSEND = YES;
				ENABLE_TESTABILITY = YES;
				GCC_C_LANGUAGE_STANDARD = gnu11;
				GCC_DYNAMIC_NO_PIC = NO;
				GCC_NO_COMMON_BLOCKS = YES;
				GCC_OPTIMIZATION_LEVEL = 0;
				GCC_PREPROCESSOR_DEFINITIONS = (
					"DEBUG=1",
					"$(inherited)",
				);
				GCC_WARN_64_TO_32_BIT_CONVERSION = YES;
				GCC_WARN_ABOUT_RETURN_TYPE = YES_ERROR;
				GCC_WARN_UNDECLARED_SELECTOR = YES;
				GCC_WARN_UNINITIALIZED_AUTOS = YES_AGGRESSIVE;
				GCC_WARN_UNUSED_FUNCTION = YES;
				GCC_WARN_UNUSED_VARIABLE = YES;
				IPHONEOS_DEPLOYMENT_TARGET = 14.2;
				MTL_ENABLE_DEBUG_INFO = INCLUDE_SOURCE;
				MTL_FAST_MATH = YES;
				ONLY_ACTIVE_ARCH = YES;
				SDKROOT = iphoneos;
				SWIFT_ACTIVE_COMPILATION_CONDITIONS = DEBUG;
				SWIFT_OPTIMIZATION_LEVEL = "-Onone";
			};
			name = Debug;
		};
		2B3216702DCF890C00097DAC /* Release */ = {
			isa = XCBuildConfiguration;
			buildSettings = {
				ALWAYS_SEARCH_USER_PATHS = NO;
				CLANG_ANALYZER_NONNULL = YES;
				CLANG_ANALYZER_NUMBER_OBJECT_CONVERSION = YES_AGGRESSIVE;
				CLANG_CXX_LANGUAGE_STANDARD = "gnu++14";
				CLANG_CXX_LIBRARY = "libc++";
				CLANG_ENABLE_MODULES = YES;
				CLANG_ENABLE_OBJC_ARC = YES;
				CLANG_ENABLE_OBJC_WEAK = YES;
				CLANG_WARN_BLOCK_CAPTURE_AUTORELEASING = YES;
				CLANG_WARN_BOOL_CONVERSION = YES;
				CLANG_WARN_COMMA = YES;
				CLANG_WARN_CONSTANT_CONVERSION = YES;
				CLANG_WARN_DEPRECATED_OBJC_IMPLEMENTATIONS = YES;
				CLANG_WARN_DIRECT_OBJC_ISA_USAGE = YES_ERROR;
				CLANG_WARN_DOCUMENTATION_COMMENTS = YES;
				CLANG_WARN_EMPTY_BODY = YES;
				CLANG_WARN_ENUM_CONVERSION = YES;
				CLANG_WARN_INFINITE_RECURSION = YES;
				CLANG_WARN_INT_CONVERSION = YES;
				CLANG_WARN_NON_LITERAL_NULL_CONVERSION = YES;
				CLANG_WARN_OBJC_IMPLICIT_RETAIN_SELF = YES;
				CLANG_WARN_OBJC_LITERAL_CONVERSION = YES;
				CLANG_WARN_OBJC_ROOT_CLASS = YES_ERROR;
				CLANG_WARN_QUOTED_INCLUDE_IN_FRAMEWORK_HEADER = YES;
				CLANG_WARN_RANGE_LOOP_ANALYSIS = YES;
				CLANG_WARN_STRICT_PROTOTYPES = YES;
				CLANG_WARN_SUSPICIOUS_MOVE = YES;
				CLANG_WARN_UNGUARDED_AVAILABILITY = YES_AGGRESSIVE;
				CLANG_WARN_UNREACHABLE_CODE = YES;
				CLANG_WARN__DUPLICATE_METHOD_MATCH = YES;
				COPY_PHASE_STRIP = NO;
				DEBUG_INFORMATION_FORMAT = "dwarf-with-dsym";
				ENABLE_NS_ASSERTIONS = NO;
				ENABLE_STRICT_OBJC_MSGSEND = YES;
				GCC_C_LANGUAGE_STANDARD = gnu11;
				GCC_NO_COMMON_BLOCKS = YES;
				GCC_WARN_64_TO_32_BIT_CONVERSION = YES;
				GCC_WARN_ABOUT_RETURN_TYPE = YES_ERROR;
				GCC_WARN_UNDECLARED_SELECTOR = YES;
				GCC_WARN_UNINITIALIZED_AUTOS = YES_AGGRESSIVE;
				GCC_WARN_UNUSED_FUNCTION = YES;
				GCC_WARN_UNUSED_VARIABLE = YES;
				IPHONEOS_DEPLOYMENT_TARGET = 14.2;
				MTL_ENABLE_DEBUG_INFO = NO;
				MTL_FAST_MATH = YES;
				SDKROOT = iphoneos;
				SWIFT_COMPILATION_MODE = wholemodule;
				SWIFT_OPTIMIZATION_LEVEL = "-O";
				VALIDATE_PRODUCT = YES;
			};
			name = Release;
		};
		2B3216722DCF890C00097DAC /* Debug */ = {
			isa = XCBuildConfiguration;
			buildSettings = {
				ASSETCATALOG_COMPILER_APPICON_NAME = AppIcon;
				ASSETCATALOG_COMPILER_GLOBAL_ACCENT_COLOR_NAME = AccentColor;
				CODE_SIGN_STYLE = Automatic;
				INFOPLIST_FILE = FlashScore/Info.plist;
				LD_RUNPATH_SEARCH_PATHS = (
					"$(inherited)",
					"@executable_path/Frameworks",
				);
				PRODUCT_BUNDLE_IDENTIFIER = ziad.FlashScore;
				PRODUCT_NAME = "$(TARGET_NAME)";
				SWIFT_VERSION = 5.0;
				TARGETED_DEVICE_FAMILY = "1,2";
			};
			name = Debug;
		};
		2B3216732DCF890C00097DAC /* Release */ = {
			isa = XCBuildConfiguration;
			buildSettings = {
				ASSETCATALOG_COMPILER_APPICON_NAME = AppIcon;
				ASSETCATALOG_COMPILER_GLOBAL_ACCENT_COLOR_NAME = AccentColor;
				CODE_SIGN_STYLE = Automatic;
				INFOPLIST_FILE = FlashScore/Info.plist;
				LD_RUNPATH_SEARCH_PATHS = (
					"$(inherited)",
					"@executable_path/Frameworks",
				);
				PRODUCT_BUNDLE_IDENTIFIER = ziad.FlashScore;
				PRODUCT_NAME = "$(TARGET_NAME)";
				SWIFT_VERSION = 5.0;
				TARGETED_DEVICE_FAMILY = "1,2";
			};
			name = Release;
		};
		2B3216752DCF890C00097DAC /* Debug */ = {
			isa = XCBuildConfiguration;
			buildSettings = {
				ALWAYS_EMBED_SWIFT_STANDARD_LIBRARIES = YES;
				BUNDLE_LOADER = "$(TEST_HOST)";
				CODE_SIGN_STYLE = Automatic;
				INFOPLIST_FILE = FlashScoreTests/Info.plist;
				IPHONEOS_DEPLOYMENT_TARGET = 14.2;
				LD_RUNPATH_SEARCH_PATHS = (
					"$(inherited)",
					"@executable_path/Frameworks",
					"@loader_path/Frameworks",
				);
				PRODUCT_BUNDLE_IDENTIFIER = ziad.FlashScoreTests;
				PRODUCT_NAME = "$(TARGET_NAME)";
				SWIFT_VERSION = 5.0;
				TARGETED_DEVICE_FAMILY = "1,2";
				TEST_HOST = "$(BUILT_PRODUCTS_DIR)/FlashScore.app/FlashScore";
			};
			name = Debug;
		};
		2B3216762DCF890C00097DAC /* Release */ = {
			isa = XCBuildConfiguration;
			buildSettings = {
				ALWAYS_EMBED_SWIFT_STANDARD_LIBRARIES = YES;
				BUNDLE_LOADER = "$(TEST_HOST)";
				CODE_SIGN_STYLE = Automatic;
				INFOPLIST_FILE = FlashScoreTests/Info.plist;
				IPHONEOS_DEPLOYMENT_TARGET = 14.2;
				LD_RUNPATH_SEARCH_PATHS = (
					"$(inherited)",
					"@executable_path/Frameworks",
					"@loader_path/Frameworks",
				);
				PRODUCT_BUNDLE_IDENTIFIER = ziad.FlashScoreTests;
				PRODUCT_NAME = "$(TARGET_NAME)";
				SWIFT_VERSION = 5.0;
				TARGETED_DEVICE_FAMILY = "1,2";
				TEST_HOST = "$(BUILT_PRODUCTS_DIR)/FlashScore.app/FlashScore";
			};
			name = Release;
		};
		2B3216782DCF890C00097DAC /* Debug */ = {
			isa = XCBuildConfiguration;
			buildSettings = {
				ALWAYS_EMBED_SWIFT_STANDARD_LIBRARIES = YES;
				CODE_SIGN_STYLE = Automatic;
				INFOPLIST_FILE = FlashScoreUITests/Info.plist;
				LD_RUNPATH_SEARCH_PATHS = (
					"$(inherited)",
					"@executable_path/Frameworks",
					"@loader_path/Frameworks",
				);
				PRODUCT_BUNDLE_IDENTIFIER = ziad.FlashScoreUITests;
				PRODUCT_NAME = "$(TARGET_NAME)";
				SWIFT_VERSION = 5.0;
				TARGETED_DEVICE_FAMILY = "1,2";
				TEST_TARGET_NAME = FlashScore;
			};
			name = Debug;
		};
		2B3216792DCF890C00097DAC /* Release */ = {
			isa = XCBuildConfiguration;
			buildSettings = {
				ALWAYS_EMBED_SWIFT_STANDARD_LIBRARIES = YES;
				CODE_SIGN_STYLE = Automatic;
				INFOPLIST_FILE = FlashScoreUITests/Info.plist;
				LD_RUNPATH_SEARCH_PATHS = (
					"$(inherited)",
					"@executable_path/Frameworks",
					"@loader_path/Frameworks",
				);
				PRODUCT_BUNDLE_IDENTIFIER = ziad.FlashScoreUITests;
				PRODUCT_NAME = "$(TARGET_NAME)";
				SWIFT_VERSION = 5.0;
				TARGETED_DEVICE_FAMILY = "1,2";
				TEST_TARGET_NAME = FlashScore;
			};
			name = Release;
		};
/* End XCBuildConfiguration section */

/* Begin XCConfigurationList section */
		2B32163F2DCF88A500097DAC /* Build configuration list for PBXProject "FlashScore" */ = {
			isa = XCConfigurationList;
			buildConfigurations = (
				2B32166F2DCF890C00097DAC /* Debug */,
				2B3216702DCF890C00097DAC /* Release */,
			);
			defaultConfigurationIsVisible = 0;
			defaultConfigurationName = Release;
		};
		2B3216712DCF890C00097DAC /* Build configuration list for PBXNativeTarget "FlashScore" */ = {
			isa = XCConfigurationList;
			buildConfigurations = (
				2B3216722DCF890C00097DAC /* Debug */,
				2B3216732DCF890C00097DAC /* Release */,
			);
			defaultConfigurationIsVisible = 0;
			defaultConfigurationName = Release;
		};
		2B3216742DCF890C00097DAC /* Build configuration list for PBXNativeTarget "FlashScoreTests" */ = {
			isa = XCConfigurationList;
			buildConfigurations = (
				2B3216752DCF890C00097DAC /* Debug */,
				2B3216762DCF890C00097DAC /* Release */,
			);
			defaultConfigurationIsVisible = 0;
			defaultConfigurationName = Release;
		};
		2B3216772DCF890C00097DAC /* Build configuration list for PBXNativeTarget "FlashScoreUITests" */ = {
			isa = XCConfigurationList;
			buildConfigurations = (
				2B3216782DCF890C00097DAC /* Debug */,
				2B3216792DCF890C00097DAC /* Release */,
			);
			defaultConfigurationIsVisible = 0;
			defaultConfigurationName = Release;
		};
/* End XCConfigurationList section */

/* Begin XCRemoteSwiftPackageReference section */
		CBB860012DD220BD00D4978B /* XCRemoteSwiftPackageReference "Alamofire" */ = {
			isa = XCRemoteSwiftPackageReference;
			repositoryURL = "https://github.com/Alamofire/Alamofire.git";
			requirement = {
				kind = exactVersion;
				version = 5.4.4;
			};
		};
		CBB860042DD2213100D4978B /* XCRemoteSwiftPackageReference "Kingfisher" */ = {
			isa = XCRemoteSwiftPackageReference;
			repositoryURL = "https://github.com/onevcat/Kingfisher.git";
			requirement = {
				kind = exactVersion;
				version = 5.15.8;
			};
		};
		CBB860072DD221AA00D4978B /* XCRemoteSwiftPackageReference "ShimmerSwift" */ = {
			isa = XCRemoteSwiftPackageReference;
			repositoryURL = "https://github.com/BeauNouvelle/ShimmerSwift.git";
			requirement = {
				kind = exactVersion;
				version = 2.2.0;
			};
		};
/* End XCRemoteSwiftPackageReference section */

/* Begin XCSwiftPackageProductDependency section */
		CBB860022DD220BD00D4978B /* Alamofire */ = {
			isa = XCSwiftPackageProductDependency;
			package = CBB860012DD220BD00D4978B /* XCRemoteSwiftPackageReference "Alamofire" */;
			productName = Alamofire;
		};
		CBB860052DD2213100D4978B /* Kingfisher */ = {
			isa = XCSwiftPackageProductDependency;
			package = CBB860042DD2213100D4978B /* XCRemoteSwiftPackageReference "Kingfisher" */;
			productName = Kingfisher;
		};
		CBB860082DD221AA00D4978B /* ShimmerSwift */ = {
			isa = XCSwiftPackageProductDependency;
			package = CBB860072DD221AA00D4978B /* XCRemoteSwiftPackageReference "ShimmerSwift" */;
			productName = ShimmerSwift;
		};
/* End XCSwiftPackageProductDependency section */

/* Begin XCVersionGroup section */
		2B3216502DCF88B200097DAC /* FlashScore.xcdatamodeld */ = {
			isa = XCVersionGroup;
			children = (
				2B3216512DCF88B200097DAC /* FlashScore.xcdatamodel */,
			);
			currentVersion = 2B3216512DCF88B200097DAC /* FlashScore.xcdatamodel */;
			path = FlashScore.xcdatamodeld;
			sourceTree = "<group>";
			versionGroupType = wrapper.xcdatamodel;
		};
/* End XCVersionGroup section */
	};
	rootObject = 2B32163C2DCF88A500097DAC /* Project object */;
}
